// !$*UTF8*$!
{
	archiveVersion = 1;
	classes = {
	};
	objectVersion = 46;
	objects = {

/* Begin PBXBuildFile section */
		070EC1B21EE1D2FE00118FCC /* KSOToken.h in Headers */ = {isa = PBXBuildFile; fileRef = 070EC1B01EE1D2FE00118FCC /* KSOToken.h */; settings = {ATTRIBUTES = (Public, ); }; };
		070EC1C21EE1D4D400118FCC /* main.m in Sources */ = {isa = PBXBuildFile; fileRef = 070EC1C11EE1D4D400118FCC /* main.m */; };
		070EC1C51EE1D4D400118FCC /* AppDelegate.m in Sources */ = {isa = PBXBuildFile; fileRef = 070EC1C41EE1D4D400118FCC /* AppDelegate.m */; };
		070EC1C81EE1D4D400118FCC /* ViewController.m in Sources */ = {isa = PBXBuildFile; fileRef = 070EC1C71EE1D4D400118FCC /* ViewController.m */; };
		070EC1CB1EE1D4D400118FCC /* Main.storyboard in Resources */ = {isa = PBXBuildFile; fileRef = 070EC1C91EE1D4D400118FCC /* Main.storyboard */; };
		070EC1CD1EE1D4D400118FCC /* Assets.xcassets in Resources */ = {isa = PBXBuildFile; fileRef = 070EC1CC1EE1D4D400118FCC /* Assets.xcassets */; };
		070EC1D01EE1D4D400118FCC /* LaunchScreen.storyboard in Resources */ = {isa = PBXBuildFile; fileRef = 070EC1CE1EE1D4D400118FCC /* LaunchScreen.storyboard */; };
		070EC1D61EE1D4EA00118FCC /* Stanley.framework in Frameworks */ = {isa = PBXBuildFile; fileRef = 070EC1D51EE1D4EA00118FCC /* Stanley.framework */; };
		070EC1D71EE1D4EA00118FCC /* Stanley.framework in Embed Frameworks */ = {isa = PBXBuildFile; fileRef = 070EC1D51EE1D4EA00118FCC /* Stanley.framework */; settings = {ATTRIBUTES = (CodeSignOnCopy, RemoveHeadersOnCopy, ); }; };
		070EC1DA1EE1D4EE00118FCC /* Loki.framework in Frameworks */ = {isa = PBXBuildFile; fileRef = 070EC1D91EE1D4EE00118FCC /* Loki.framework */; };
		070EC1DB1EE1D4EE00118FCC /* Loki.framework in Embed Frameworks */ = {isa = PBXBuildFile; fileRef = 070EC1D91EE1D4EE00118FCC /* Loki.framework */; settings = {ATTRIBUTES = (CodeSignOnCopy, RemoveHeadersOnCopy, ); }; };
		070EC1DD1EE1D4F400118FCC /* Ditko.framework in Frameworks */ = {isa = PBXBuildFile; fileRef = 070EC1DC1EE1D4F400118FCC /* Ditko.framework */; };
		070EC1DE1EE1D4F400118FCC /* Ditko.framework in Embed Frameworks */ = {isa = PBXBuildFile; fileRef = 070EC1DC1EE1D4F400118FCC /* Ditko.framework */; settings = {ATTRIBUTES = (CodeSignOnCopy, RemoveHeadersOnCopy, ); }; };
		070EC1DF1EE1D4FD00118FCC /* KSOToken.framework in Frameworks */ = {isa = PBXBuildFile; fileRef = 070EC1AD1EE1D2FE00118FCC /* KSOToken.framework */; };
		070EC1E01EE1D4FD00118FCC /* KSOToken.framework in Embed Frameworks */ = {isa = PBXBuildFile; fileRef = 070EC1AD1EE1D2FE00118FCC /* KSOToken.framework */; settings = {ATTRIBUTES = (CodeSignOnCopy, RemoveHeadersOnCopy, ); }; };
		070EC1E51EE1D50D00118FCC /* Ditko.framework in Frameworks */ = {isa = PBXBuildFile; fileRef = 070EC1E41EE1D50D00118FCC /* Ditko.framework */; };
		070EC1E71EE1D51300118FCC /* Loki.framework in Frameworks */ = {isa = PBXBuildFile; fileRef = 070EC1E61EE1D51300118FCC /* Loki.framework */; };
		070EC1E91EE1D51700118FCC /* Stanley.framework in Frameworks */ = {isa = PBXBuildFile; fileRef = 070EC1E81EE1D51700118FCC /* Stanley.framework */; };
		070EC1EC1EE1D55200118FCC /* KSOTokenTextView.h in Headers */ = {isa = PBXBuildFile; fileRef = 070EC1EA1EE1D55200118FCC /* KSOTokenTextView.h */; settings = {ATTRIBUTES = (Public, ); }; };
		070EC1ED1EE1D55200118FCC /* KSOTokenTextView.m in Sources */ = {isa = PBXBuildFile; fileRef = 070EC1EB1EE1D55200118FCC /* KSOTokenTextView.m */; };
/* End PBXBuildFile section */

/* Begin PBXContainerItemProxy section */
		070EC1E11EE1D4FD00118FCC /* PBXContainerItemProxy */ = {
			isa = PBXContainerItemProxy;
			containerPortal = 070EC1A41EE1D2FE00118FCC /* Project object */;
			proxyType = 1;
			remoteGlobalIDString = 070EC1AC1EE1D2FE00118FCC;
			remoteInfo = KSOToken;
		};
/* End PBXContainerItemProxy section */

/* Begin PBXCopyFilesBuildPhase section */
		070EC1D81EE1D4EA00118FCC /* Embed Frameworks */ = {
			isa = PBXCopyFilesBuildPhase;
			buildActionMask = 2147483647;
			dstPath = "";
			dstSubfolderSpec = 10;
			files = (
				070EC1E01EE1D4FD00118FCC /* KSOToken.framework in Embed Frameworks */,
				070EC1D71EE1D4EA00118FCC /* Stanley.framework in Embed Frameworks */,
				070EC1DB1EE1D4EE00118FCC /* Loki.framework in Embed Frameworks */,
				070EC1DE1EE1D4F400118FCC /* Ditko.framework in Embed Frameworks */,
			);
			name = "Embed Frameworks";
			runOnlyForDeploymentPostprocessing = 0;
		};
/* End PBXCopyFilesBuildPhase section */

/* Begin PBXFileReference section */
		070EC1AD1EE1D2FE00118FCC /* KSOToken.framework */ = {isa = PBXFileReference; explicitFileType = wrapper.framework; includeInIndex = 0; path = KSOToken.framework; sourceTree = BUILT_PRODUCTS_DIR; };
		070EC1B01EE1D2FE00118FCC /* KSOToken.h */ = {isa = PBXFileReference; lastKnownFileType = sourcecode.c.h; path = KSOToken.h; sourceTree = "<group>"; };
		070EC1B11EE1D2FE00118FCC /* Info.plist */ = {isa = PBXFileReference; lastKnownFileType = text.plist.xml; path = Info.plist; sourceTree = "<group>"; };
		070EC1BE1EE1D4D400118FCC /* Demo.app */ = {isa = PBXFileReference; explicitFileType = wrapper.application; includeInIndex = 0; path = Demo.app; sourceTree = BUILT_PRODUCTS_DIR; };
		070EC1C11EE1D4D400118FCC /* main.m */ = {isa = PBXFileReference; lastKnownFileType = sourcecode.c.objc; path = main.m; sourceTree = "<group>"; };
		070EC1C31EE1D4D400118FCC /* AppDelegate.h */ = {isa = PBXFileReference; lastKnownFileType = sourcecode.c.h; path = AppDelegate.h; sourceTree = "<group>"; };
		070EC1C41EE1D4D400118FCC /* AppDelegate.m */ = {isa = PBXFileReference; lastKnownFileType = sourcecode.c.objc; path = AppDelegate.m; sourceTree = "<group>"; };
		070EC1C61EE1D4D400118FCC /* ViewController.h */ = {isa = PBXFileReference; lastKnownFileType = sourcecode.c.h; path = ViewController.h; sourceTree = "<group>"; };
		070EC1C71EE1D4D400118FCC /* ViewController.m */ = {isa = PBXFileReference; lastKnownFileType = sourcecode.c.objc; path = ViewController.m; sourceTree = "<group>"; };
		070EC1CA1EE1D4D400118FCC /* Base */ = {isa = PBXFileReference; lastKnownFileType = file.storyboard; name = Base; path = Base.lproj/Main.storyboard; sourceTree = "<group>"; };
		070EC1CC1EE1D4D400118FCC /* Assets.xcassets */ = {isa = PBXFileReference; lastKnownFileType = folder.assetcatalog; path = Assets.xcassets; sourceTree = "<group>"; };
		070EC1CF1EE1D4D400118FCC /* Base */ = {isa = PBXFileReference; lastKnownFileType = file.storyboard; name = Base; path = Base.lproj/LaunchScreen.storyboard; sourceTree = "<group>"; };
		070EC1D11EE1D4D400118FCC /* Info.plist */ = {isa = PBXFileReference; lastKnownFileType = text.plist.xml; path = Info.plist; sourceTree = "<group>"; };
		070EC1D51EE1D4EA00118FCC /* Stanley.framework */ = {isa = PBXFileReference; explicitFileType = wrapper.framework; path = Stanley.framework; sourceTree = BUILT_PRODUCTS_DIR; };
		070EC1D91EE1D4EE00118FCC /* Loki.framework */ = {isa = PBXFileReference; explicitFileType = wrapper.framework; path = Loki.framework; sourceTree = BUILT_PRODUCTS_DIR; };
		070EC1DC1EE1D4F400118FCC /* Ditko.framework */ = {isa = PBXFileReference; explicitFileType = wrapper.framework; path = Ditko.framework; sourceTree = BUILT_PRODUCTS_DIR; };
		070EC1E41EE1D50D00118FCC /* Ditko.framework */ = {isa = PBXFileReference; lastKnownFileType = wrapper.framework; name = Ditko.framework; path = "Vendor/Ditko/build/Debug-iphoneos/Ditko.framework"; sourceTree = "<group>"; };
		070EC1E61EE1D51300118FCC /* Loki.framework */ = {isa = PBXFileReference; lastKnownFileType = wrapper.framework; name = Loki.framework; path = "Vendor/Loki/build/Debug-iphoneos/Loki.framework"; sourceTree = "<group>"; };
		070EC1E81EE1D51700118FCC /* Stanley.framework */ = {isa = PBXFileReference; lastKnownFileType = wrapper.framework; name = Stanley.framework; path = "Vendor/Stanley/build/Debug-iphoneos/Stanley.framework"; sourceTree = "<group>"; };
		070EC1EA1EE1D55200118FCC /* KSOTokenTextView.h */ = {isa = PBXFileReference; fileEncoding = 4; lastKnownFileType = sourcecode.c.h; path = KSOTokenTextView.h; sourceTree = "<group>"; };
		070EC1EB1EE1D55200118FCC /* KSOTokenTextView.m */ = {isa = PBXFileReference; fileEncoding = 4; lastKnownFileType = sourcecode.c.objc; path = KSOTokenTextView.m; sourceTree = "<group>"; };
/* End PBXFileReference section */

/* Begin PBXFrameworksBuildPhase section */
		070EC1A91EE1D2FE00118FCC /* Frameworks */ = {
			isa = PBXFrameworksBuildPhase;
			buildActionMask = 2147483647;
			files = (
				070EC1E91EE1D51700118FCC /* Stanley.framework in Frameworks */,
				070EC1E71EE1D51300118FCC /* Loki.framework in Frameworks */,
				070EC1E51EE1D50D00118FCC /* Ditko.framework in Frameworks */,
			);
			runOnlyForDeploymentPostprocessing = 0;
		};
		070EC1BB1EE1D4D400118FCC /* Frameworks */ = {
			isa = PBXFrameworksBuildPhase;
			buildActionMask = 2147483647;
			files = (
				070EC1DF1EE1D4FD00118FCC /* KSOToken.framework in Frameworks */,
				070EC1D61EE1D4EA00118FCC /* Stanley.framework in Frameworks */,
				070EC1DA1EE1D4EE00118FCC /* Loki.framework in Frameworks */,
				070EC1DD1EE1D4F400118FCC /* Ditko.framework in Frameworks */,
			);
			runOnlyForDeploymentPostprocessing = 0;
		};
/* End PBXFrameworksBuildPhase section */

/* Begin PBXGroup section */
		070EC1A31EE1D2FE00118FCC = {
			isa = PBXGroup;
			children = (
				070EC1AF1EE1D2FE00118FCC /* KSOToken */,
				070EC1BF1EE1D4D400118FCC /* Demo */,
				070EC1AE1EE1D2FE00118FCC /* Products */,
				070EC1E31EE1D50D00118FCC /* Frameworks */,
			);
			sourceTree = "<group>";
		};
		070EC1AE1EE1D2FE00118FCC /* Products */ = {
			isa = PBXGroup;
			children = (
				070EC1AD1EE1D2FE00118FCC /* KSOToken.framework */,
				070EC1BE1EE1D4D400118FCC /* Demo.app */,
			);
			name = Products;
			sourceTree = "<group>";
		};
		070EC1AF1EE1D2FE00118FCC /* KSOToken */ = {
			isa = PBXGroup;
			children = (
				070EC1B01EE1D2FE00118FCC /* KSOToken.h */,
				070EC1B91EE1D31A00118FCC /* Source */,
				070EC1B81EE1D31100118FCC /* Supporting Files */,
			);
			path = KSOToken;
			sourceTree = "<group>";
		};
		070EC1B81EE1D31100118FCC /* Supporting Files */ = {
			isa = PBXGroup;
			children = (
				070EC1B11EE1D2FE00118FCC /* Info.plist */,
			);
			name = "Supporting Files";
			sourceTree = "<group>";
		};
		070EC1B91EE1D31A00118FCC /* Source */ = {
			isa = PBXGroup;
			children = (
				070EC1EA1EE1D55200118FCC /* KSOTokenTextView.h */,
				070EC1EB1EE1D55200118FCC /* KSOTokenTextView.m */,
			);
			name = Source;
			sourceTree = "<group>";
		};
		070EC1BF1EE1D4D400118FCC /* Demo */ = {
			isa = PBXGroup;
			children = (
				070EC1C31EE1D4D400118FCC /* AppDelegate.h */,
				070EC1C41EE1D4D400118FCC /* AppDelegate.m */,
				070EC1C61EE1D4D400118FCC /* ViewController.h */,
				070EC1C71EE1D4D400118FCC /* ViewController.m */,
				070EC1C91EE1D4D400118FCC /* Main.storyboard */,
				070EC1CC1EE1D4D400118FCC /* Assets.xcassets */,
				070EC1CE1EE1D4D400118FCC /* LaunchScreen.storyboard */,
				070EC1D11EE1D4D400118FCC /* Info.plist */,
				070EC1C01EE1D4D400118FCC /* Supporting Files */,
			);
			path = Demo;
			sourceTree = "<group>";
		};
		070EC1C01EE1D4D400118FCC /* Supporting Files */ = {
			isa = PBXGroup;
			children = (
				070EC1C11EE1D4D400118FCC /* main.m */,
			);
			name = "Supporting Files";
			sourceTree = "<group>";
		};
		070EC1E31EE1D50D00118FCC /* Frameworks */ = {
			isa = PBXGroup;
			children = (
				070EC1DC1EE1D4F400118FCC /* Ditko.framework */,
				070EC1D91EE1D4EE00118FCC /* Loki.framework */,
				070EC1D51EE1D4EA00118FCC /* Stanley.framework */,
				070EC1E81EE1D51700118FCC /* Stanley.framework */,
				070EC1E61EE1D51300118FCC /* Loki.framework */,
				070EC1E41EE1D50D00118FCC /* Ditko.framework */,
			);
			name = Frameworks;
			sourceTree = "<group>";
		};
/* End PBXGroup section */

/* Begin PBXHeadersBuildPhase section */
		070EC1AA1EE1D2FE00118FCC /* Headers */ = {
			isa = PBXHeadersBuildPhase;
			buildActionMask = 2147483647;
			files = (
				070EC1EC1EE1D55200118FCC /* KSOTokenTextView.h in Headers */,
				070EC1B21EE1D2FE00118FCC /* KSOToken.h in Headers */,
			);
			runOnlyForDeploymentPostprocessing = 0;
		};
/* End PBXHeadersBuildPhase section */

/* Begin PBXNativeTarget section */
		070EC1AC1EE1D2FE00118FCC /* KSOToken */ = {
			isa = PBXNativeTarget;
			buildConfigurationList = 070EC1B51EE1D2FE00118FCC /* Build configuration list for PBXNativeTarget "KSOToken" */;
			buildPhases = (
				070EC1A81EE1D2FE00118FCC /* Sources */,
				070EC1A91EE1D2FE00118FCC /* Frameworks */,
				070EC1AA1EE1D2FE00118FCC /* Headers */,
				070EC1AB1EE1D2FE00118FCC /* Resources */,
			);
			buildRules = (
			);
			dependencies = (
			);
			name = KSOToken;
			productName = KSOToken;
			productReference = 070EC1AD1EE1D2FE00118FCC /* KSOToken.framework */;
			productType = "com.apple.product-type.framework";
		};
		070EC1BD1EE1D4D400118FCC /* Demo */ = {
			isa = PBXNativeTarget;
			buildConfigurationList = 070EC1D41EE1D4D400118FCC /* Build configuration list for PBXNativeTarget "Demo" */;
			buildPhases = (
				070EC1BA1EE1D4D400118FCC /* Sources */,
				070EC1BB1EE1D4D400118FCC /* Frameworks */,
				070EC1BC1EE1D4D400118FCC /* Resources */,
				070EC1D81EE1D4EA00118FCC /* Embed Frameworks */,
			);
			buildRules = (
			);
			dependencies = (
				070EC1E21EE1D4FD00118FCC /* PBXTargetDependency */,
			);
			name = Demo;
			productName = Demo;
			productReference = 070EC1BE1EE1D4D400118FCC /* Demo.app */;
			productType = "com.apple.product-type.application";
		};
/* End PBXNativeTarget section */

/* Begin PBXProject section */
		070EC1A41EE1D2FE00118FCC /* Project object */ = {
			isa = PBXProject;
			attributes = {
				LastUpgradeCheck = 0830;
				ORGANIZATIONNAME = "Kosoku Interactive, LLC.";
				TargetAttributes = {
					070EC1AC1EE1D2FE00118FCC = {
						CreatedOnToolsVersion = 8.3.2;
						ProvisioningStyle = Automatic;
					};
					070EC1BD1EE1D4D400118FCC = {
						CreatedOnToolsVersion = 8.3.2;
						ProvisioningStyle = Automatic;
					};
				};
			};
			buildConfigurationList = 070EC1A71EE1D2FE00118FCC /* Build configuration list for PBXProject "KSOToken" */;
			compatibilityVersion = "Xcode 3.2";
			developmentRegion = English;
			hasScannedForEncodings = 0;
			knownRegions = (
				en,
				Base,
			);
			mainGroup = 070EC1A31EE1D2FE00118FCC;
			productRefGroup = 070EC1AE1EE1D2FE00118FCC /* Products */;
			projectDirPath = "";
			projectRoot = "";
			targets = (
				070EC1AC1EE1D2FE00118FCC /* KSOToken */,
				070EC1BD1EE1D4D400118FCC /* Demo */,
			);
		};
/* End PBXProject section */

/* Begin PBXResourcesBuildPhase section */
		070EC1AB1EE1D2FE00118FCC /* Resources */ = {
			isa = PBXResourcesBuildPhase;
			buildActionMask = 2147483647;
			files = (
			);
			runOnlyForDeploymentPostprocessing = 0;
		};
		070EC1BC1EE1D4D400118FCC /* Resources */ = {
			isa = PBXResourcesBuildPhase;
			buildActionMask = 2147483647;
			files = (
				070EC1D01EE1D4D400118FCC /* LaunchScreen.storyboard in Resources */,
				070EC1CD1EE1D4D400118FCC /* Assets.xcassets in Resources */,
				070EC1CB1EE1D4D400118FCC /* Main.storyboard in Resources */,
			);
			runOnlyForDeploymentPostprocessing = 0;
		};
/* End PBXResourcesBuildPhase section */

/* Begin PBXSourcesBuildPhase section */
		070EC1A81EE1D2FE00118FCC /* Sources */ = {
			isa = PBXSourcesBuildPhase;
			buildActionMask = 2147483647;
			files = (
				070EC1ED1EE1D55200118FCC /* KSOTokenTextView.m in Sources */,
			);
			runOnlyForDeploymentPostprocessing = 0;
		};
		070EC1BA1EE1D4D400118FCC /* Sources */ = {
			isa = PBXSourcesBuildPhase;
			buildActionMask = 2147483647;
			files = (
				070EC1C81EE1D4D400118FCC /* ViewController.m in Sources */,
				070EC1C51EE1D4D400118FCC /* AppDelegate.m in Sources */,
				070EC1C21EE1D4D400118FCC /* main.m in Sources */,
			);
			runOnlyForDeploymentPostprocessing = 0;
		};
/* End PBXSourcesBuildPhase section */

/* Begin PBXTargetDependency section */
		070EC1E21EE1D4FD00118FCC /* PBXTargetDependency */ = {
			isa = PBXTargetDependency;
			target = 070EC1AC1EE1D2FE00118FCC /* KSOToken */;
			targetProxy = 070EC1E11EE1D4FD00118FCC /* PBXContainerItemProxy */;
		};
/* End PBXTargetDependency section */

/* Begin PBXVariantGroup section */
		070EC1C91EE1D4D400118FCC /* Main.storyboard */ = {
			isa = PBXVariantGroup;
			children = (
				070EC1CA1EE1D4D400118FCC /* Base */,
			);
			name = Main.storyboard;
			sourceTree = "<group>";
		};
		070EC1CE1EE1D4D400118FCC /* LaunchScreen.storyboard */ = {
			isa = PBXVariantGroup;
			children = (
				070EC1CF1EE1D4D400118FCC /* Base */,
			);
			name = LaunchScreen.storyboard;
			sourceTree = "<group>";
		};
/* End PBXVariantGroup section */

/* Begin XCBuildConfiguration section */
		070EC1B31EE1D2FE00118FCC /* Debug */ = {
			isa = XCBuildConfiguration;
			buildSettings = {
				ALWAYS_SEARCH_USER_PATHS = NO;
				CLANG_ANALYZER_NONNULL = YES;
				CLANG_ANALYZER_NUMBER_OBJECT_CONVERSION = YES_AGGRESSIVE;
				CLANG_CXX_LANGUAGE_STANDARD = "gnu++0x";
				CLANG_CXX_LIBRARY = "libc++";
				CLANG_ENABLE_MODULES = YES;
				CLANG_ENABLE_OBJC_ARC = YES;
				CLANG_WARN_BOOL_CONVERSION = YES;
				CLANG_WARN_CONSTANT_CONVERSION = YES;
				CLANG_WARN_DIRECT_OBJC_ISA_USAGE = YES_ERROR;
				CLANG_WARN_DOCUMENTATION_COMMENTS = YES;
				CLANG_WARN_EMPTY_BODY = YES;
				CLANG_WARN_ENUM_CONVERSION = YES;
				CLANG_WARN_INFINITE_RECURSION = YES;
				CLANG_WARN_INT_CONVERSION = YES;
				CLANG_WARN_OBJC_ROOT_CLASS = YES_ERROR;
				CLANG_WARN_SUSPICIOUS_MOVE = YES;
				CLANG_WARN_UNREACHABLE_CODE = YES;
				CLANG_WARN__DUPLICATE_METHOD_MATCH = YES;
				"CODE_SIGN_IDENTITY[sdk=iphoneos*]" = "iPhone Developer";
				COPY_PHASE_STRIP = NO;
				CURRENT_PROJECT_VERSION = 1;
				DEBUG_INFORMATION_FORMAT = dwarf;
				ENABLE_STRICT_OBJC_MSGSEND = YES;
				ENABLE_TESTABILITY = YES;
				GCC_C_LANGUAGE_STANDARD = gnu99;
				GCC_DYNAMIC_NO_PIC = NO;
				GCC_NO_COMMON_BLOCKS = YES;
				GCC_OPTIMIZATION_LEVEL = 0;
				GCC_PREPROCESSOR_DEFINITIONS = (
					"DEBUG=1",
					"$(inherited)",
				);
				GCC_WARN_64_TO_32_BIT_CONVERSION = YES;
				GCC_WARN_ABOUT_RETURN_TYPE = YES_ERROR;
				GCC_WARN_UNDECLARED_SELECTOR = YES;
				GCC_WARN_UNINITIALIZED_AUTOS = YES_AGGRESSIVE;
				GCC_WARN_UNUSED_FUNCTION = YES;
				GCC_WARN_UNUSED_VARIABLE = YES;
				IPHONEOS_DEPLOYMENT_TARGET = 10.3;
				MTL_ENABLE_DEBUG_INFO = YES;
				ONLY_ACTIVE_ARCH = YES;
				SDKROOT = iphoneos;
				TARGETED_DEVICE_FAMILY = "1,2";
				VERSIONING_SYSTEM = "apple-generic";
				VERSION_INFO_PREFIX = "";
			};
			name = Debug;
		};
		070EC1B41EE1D2FE00118FCC /* Release */ = {
			isa = XCBuildConfiguration;
			buildSettings = {
				ALWAYS_SEARCH_USER_PATHS = NO;
				CLANG_ANALYZER_NONNULL = YES;
				CLANG_ANALYZER_NUMBER_OBJECT_CONVERSION = YES_AGGRESSIVE;
				CLANG_CXX_LANGUAGE_STANDARD = "gnu++0x";
				CLANG_CXX_LIBRARY = "libc++";
				CLANG_ENABLE_MODULES = YES;
				CLANG_ENABLE_OBJC_ARC = YES;
				CLANG_WARN_BOOL_CONVERSION = YES;
				CLANG_WARN_CONSTANT_CONVERSION = YES;
				CLANG_WARN_DIRECT_OBJC_ISA_USAGE = YES_ERROR;
				CLANG_WARN_DOCUMENTATION_COMMENTS = YES;
				CLANG_WARN_EMPTY_BODY = YES;
				CLANG_WARN_ENUM_CONVERSION = YES;
				CLANG_WARN_INFINITE_RECURSION = YES;
				CLANG_WARN_INT_CONVERSION = YES;
				CLANG_WARN_OBJC_ROOT_CLASS = YES_ERROR;
				CLANG_WARN_SUSPICIOUS_MOVE = YES;
				CLANG_WARN_UNREACHABLE_CODE = YES;
				CLANG_WARN__DUPLICATE_METHOD_MATCH = YES;
				"CODE_SIGN_IDENTITY[sdk=iphoneos*]" = "iPhone Developer";
				COPY_PHASE_STRIP = NO;
				CURRENT_PROJECT_VERSION = 1;
				DEBUG_INFORMATION_FORMAT = "dwarf-with-dsym";
				ENABLE_NS_ASSERTIONS = NO;
				ENABLE_STRICT_OBJC_MSGSEND = YES;
				GCC_C_LANGUAGE_STANDARD = gnu99;
				GCC_NO_COMMON_BLOCKS = YES;
				GCC_WARN_64_TO_32_BIT_CONVERSION = YES;
				GCC_WARN_ABOUT_RETURN_TYPE = YES_ERROR;
				GCC_WARN_UNDECLARED_SELECTOR = YES;
				GCC_WARN_UNINITIALIZED_AUTOS = YES_AGGRESSIVE;
				GCC_WARN_UNUSED_FUNCTION = YES;
				GCC_WARN_UNUSED_VARIABLE = YES;
				IPHONEOS_DEPLOYMENT_TARGET = 10.3;
				MTL_ENABLE_DEBUG_INFO = NO;
				SDKROOT = iphoneos;
				TARGETED_DEVICE_FAMILY = "1,2";
				VALIDATE_PRODUCT = YES;
				VERSIONING_SYSTEM = "apple-generic";
				VERSION_INFO_PREFIX = "";
			};
			name = Release;
		};
		070EC1B61EE1D2FE00118FCC /* Debug */ = {
			isa = XCBuildConfiguration;
			buildSettings = {
				CODE_SIGN_IDENTITY = "";
				DEFINES_MODULE = YES;
				DYLIB_COMPATIBILITY_VERSION = 1;
				DYLIB_CURRENT_VERSION = 1;
				DYLIB_INSTALL_NAME_BASE = "@rpath";
				FRAMEWORK_SEARCH_PATHS = (
					"$(inherited)",
					"$(PROJECT_DIR)/Vendor/Ditko/build/Debug-iphoneos",
					"$(PROJECT_DIR)/Vendor/Loki/build/Debug-iphoneos",
					"$(PROJECT_DIR)/Vendor/Stanley/build/Debug-iphoneos",
				);
				INFOPLIST_FILE = KSOToken/Info.plist;
				INSTALL_PATH = "$(LOCAL_LIBRARY_DIR)/Frameworks";
				IPHONEOS_DEPLOYMENT_TARGET = 10.0;
				LD_RUNPATH_SEARCH_PATHS = "$(inherited) @executable_path/Frameworks @loader_path/Frameworks";
				PRODUCT_BUNDLE_IDENTIFIER = com.kosoku.ksotoken;
				PRODUCT_NAME = KSOToken;
				SKIP_INSTALL = YES;
			};
			name = Debug;
		};
		070EC1B71EE1D2FE00118FCC /* Release */ = {
			isa = XCBuildConfiguration;
			buildSettings = {
				CODE_SIGN_IDENTITY = "";
				DEFINES_MODULE = YES;
				DYLIB_COMPATIBILITY_VERSION = 1;
				DYLIB_CURRENT_VERSION = 1;
				DYLIB_INSTALL_NAME_BASE = "@rpath";
				FRAMEWORK_SEARCH_PATHS = (
					"$(inherited)",
					"$(PROJECT_DIR)/Vendor/Ditko/build/Debug-iphoneos",
					"$(PROJECT_DIR)/Vendor/Loki/build/Debug-iphoneos",
					"$(PROJECT_DIR)/Vendor/Stanley/build/Debug-iphoneos",
				);
				INFOPLIST_FILE = KSOToken/Info.plist;
				INSTALL_PATH = "$(LOCAL_LIBRARY_DIR)/Frameworks";
				IPHONEOS_DEPLOYMENT_TARGET = 10.0;
				LD_RUNPATH_SEARCH_PATHS = "$(inherited) @executable_path/Frameworks @loader_path/Frameworks";
				PRODUCT_BUNDLE_IDENTIFIER = com.kosoku.ksotoken;
				PRODUCT_NAME = KSOToken;
				SKIP_INSTALL = YES;
			};
			name = Release;
		};
		070EC1D21EE1D4D400118FCC /* Debug */ = {
			isa = XCBuildConfiguration;
			buildSettings = {
				ASSETCATALOG_COMPILER_APPICON_NAME = AppIcon;
				INFOPLIST_FILE = Demo/Info.plist;
				LD_RUNPATH_SEARCH_PATHS = "$(inherited) @executable_path/Frameworks";
				PRODUCT_BUNDLE_IDENTIFIER = com.kosoku.Demo;
				PRODUCT_NAME = "$(TARGET_NAME)";
			};
			name = Debug;
		};
		070EC1D31EE1D4D400118FCC /* Release */ = {
			isa = XCBuildConfiguration;
			buildSettings = {
				ASSETCATALOG_COMPILER_APPICON_NAME = AppIcon;
				INFOPLIST_FILE = Demo/Info.plist;
				LD_RUNPATH_SEARCH_PATHS = "$(inherited) @executable_path/Frameworks";
				PRODUCT_BUNDLE_IDENTIFIER = com.kosoku.Demo;
				PRODUCT_NAME = "$(TARGET_NAME)";
			};
			name = Release;
		};
/* End XCBuildConfiguration section */

/* Begin XCConfigurationList section */
		070EC1A71EE1D2FE00118FCC /* Build configuration list for PBXProject "KSOToken" */ = {
			isa = XCConfigurationList;
			buildConfigurations = (
				070EC1B31EE1D2FE00118FCC /* Debug */,
				070EC1B41EE1D2FE00118FCC /* Release */,
			);
			defaultConfigurationIsVisible = 0;
			defaultConfigurationName = Release;
		};
		070EC1B51EE1D2FE00118FCC /* Build configuration list for PBXNativeTarget "KSOToken" */ = {
			isa = XCConfigurationList;
			buildConfigurations = (
				070EC1B61EE1D2FE00118FCC /* Debug */,
				070EC1B71EE1D2FE00118FCC /* Release */,
			);
			defaultConfigurationIsVisible = 0;
			defaultConfigurationName = Release;
		};
		070EC1D41EE1D4D400118FCC /* Build configuration list for PBXNativeTarget "Demo" */ = {
			isa = XCConfigurationList;
			buildConfigurations = (
				070EC1D21EE1D4D400118FCC /* Debug */,
				070EC1D31EE1D4D400118FCC /* Release */,
			);
			defaultConfigurationIsVisible = 0;
		};
/* End XCConfigurationList section */
	};
	rootObject = 070EC1A41EE1D2FE00118FCC /* Project object */;
}
